# THIS IS AN AUTOGENERATED FILE. DO NOT EDIT THIS FILE DIRECTLY.
# yarn lockfile v1


"@hotwired/stimulus@^3.0.1":
  version "3.0.1"
  resolved "https://registry.yarnpkg.com/@hotwired/stimulus/-/stimulus-3.0.1.tgz#141f15645acaa3b133b7c247cad58ae252ffae85"
  integrity sha512-oHsJhgY2cip+K2ED7vKUNd2P+BEswVhrCYcJ802DSsblJFv7mPFVk3cQKvm2vHgHeDVdnj7oOKrBbzp1u8D+KA==

"@rails/activestorage@^6.0.5":
  version "6.0.5"
  resolved "https://registry.yarnpkg.com/@rails/activestorage/-/activestorage-6.0.5.tgz#446e4b3f45bf1d4e1c6fd0b8b6e2566cb70c2b18"
  integrity sha512-jp2UKh1QChjOGsApYO3HHuBH1yfv4mqOcKuB70fsT79O/CJWEACVnjKIdaqO+B9BJTKihaxyyepvL7kLfUFiDw==
  dependencies:
    spark-md5 "^3.0.0"

"@types/codemirror@^5.60.4":
  version "5.60.5"
  resolved "https://registry.yarnpkg.com/@types/codemirror/-/codemirror-5.60.5.tgz#5b989a3b4bbe657458cf372c92b6bfda6061a2b7"
  integrity sha512-TiECZmm8St5YxjFUp64LK0c8WU5bxMDt9YaAek1UqUb9swrSCoJhh92fWu1p3mTEqlHjhB5sY7OFBhWroJXZVg==
  dependencies:
    "@types/tern" "*"

"@types/estree@*":
  version "1.0.0"
  resolved "https://registry.yarnpkg.com/@types/estree/-/estree-1.0.0.tgz#5fb2e536c1ae9bf35366eed879e827fa59ca41c2"
  integrity sha512-WulqXMDUTYAXCjZnk6JtIHPigp55cVtDgDrO2gHRwhyJto21+1zbVCtOYB2L1F9w4qCQ0rOGWBnBe0FNTiEJIQ==

"@types/marked@^4.0.1":
  version "4.0.3"
  resolved "https://registry.yarnpkg.com/@types/marked/-/marked-4.0.3.tgz#2098f4a77adaba9ce881c9e0b6baf29116e5acc4"
  integrity sha512-HnMWQkLJEf/PnxZIfbm0yGJRRZYYMhb++O9M36UCTA9z53uPvVoSlAwJr3XOpDEryb7Hwl1qAx/MV6YIW1RXxg==

"@types/tern@*":
  version "0.23.4"
  resolved "https://registry.yarnpkg.com/@types/tern/-/tern-0.23.4.tgz#03926eb13dbeaf3ae0d390caf706b2643a0127fb"
  integrity sha512-JAUw1iXGO1qaWwEOzxTKJZ/5JxVeON9kvGZ/osgZaJImBnyjyn0cjovPsf6FNLmyGY8Vw9DoXZCMlfMkMwHRWg==
  dependencies:
    "@types/estree" "*"

codemirror-spell-checker@1.1.2:
  version "1.1.2"
  resolved "https://registry.yarnpkg.com/codemirror-spell-checker/-/codemirror-spell-checker-1.1.2.tgz#1c660f9089483ccb5113b9ba9ca19c3f4993371e"
  integrity sha512-2Tl6n0v+GJRsC9K3MLCdLaMOmvWL0uukajNJseorZJsslaxZyZMgENocPU8R0DyoTAiKsyqiemSOZo7kjGV0LQ==
  dependencies:
    typo-js "*"

codemirror@^5.63.1:
  version "5.65.6"
  resolved "https://registry.yarnpkg.com/codemirror/-/codemirror-5.65.6.tgz#fc313797331cbeb3bcab0652d1ec9d0f40c23ab5"
  integrity sha512-zNihMSMoDxK9Gqv9oEyDT8oM51rcRrQ+IEo2zyS48gJByBq5Fj8XuNEguMra+MuIOuh6lkpnLUJeL70DoTt6yw==

easymde@^2.16.1:
  version "2.16.1"
  resolved "https://registry.yarnpkg.com/easymde/-/easymde-2.16.1.tgz#f4c2380312615cb33826f1a1fecfaa4022ff551a"
  integrity sha512-FihYgjRsKfhGNk89SHSqxKLC4aJ1kfybPWW6iAmtb5GnXu+tnFPSzSaGBmk1RRlCuhFSjhF0SnIMGVPjEzkr6g==
  dependencies:
    "@types/codemirror" "^5.60.4"
    "@types/marked" "^4.0.1"
    codemirror "^5.63.1"
    codemirror-spell-checker "1.1.2"
    marked "^4.0.10"

hotkeys-js@>=3:
  version "3.9.4"
  resolved "https://registry.yarnpkg.com/hotkeys-js/-/hotkeys-js-3.9.4.tgz#ce1aa4c3a132b6a63a9dd5644fc92b8a9b9cbfb9"
  integrity sha512-2zuLt85Ta+gIyvs4N88pCYskNrxf1TFv3LR9t5mdAZIX8BcgQQ48F2opUptvHa6m8zsy5v/a0i9mWzTrlNWU0Q==

marked@^4.0.10:
  version "4.0.18"
  resolved "https://registry.yarnpkg.com/marked/-/marked-4.0.18.tgz#cd0ac54b2e5610cfb90e8fd46ccaa8292c9ed569"
  integrity sha512-wbLDJ7Zh0sqA0Vdg6aqlbT+yPxqLblpAZh1mK2+AO2twQkPywvvqQNfEPVwSSRjZ7dZcdeVBIAgiO7MMp3Dszw==

phoenix@^1.6.10:
  version "1.6.10"
  resolved "https://registry.yarnpkg.com/phoenix/-/phoenix-1.6.10.tgz#6a5d0a330b32070fb7f90b96efa1244ba7c4da08"
  integrity sha512-KfYAJrrw95JGaOlvmZ+lFJZhSfQmo4SVOj6s175/V8YxqhYGO5EGacdrJxQmJ6uhaK4H3S6b0wkC1T33qU/d8Q==

phoenix_html@^3.2.0:
  version "3.2.0"
  resolved "https://registry.yarnpkg.com/phoenix_html/-/phoenix_html-3.2.0.tgz#4a30e5c331a72abababa1f3b81a9fe2c0e5a43d7"
  integrity sha512-zv7PIZk0MPkF0ax8n465Q6w86+sGAy5cTem6KcbkUbdgxGc0y3WZmzkM2bSlYdSGbLEZfjXxos1G72xXsha6xA==

phoenix_live_view@^0.17.10:
  version "0.17.10"
  resolved "https://registry.yarnpkg.com/phoenix_live_view/-/phoenix_live_view-0.17.10.tgz#ea8f849d9b49dd00f2f9a1468038d225c184279a"
  integrity sha512-oHSoH0IdJ1I5uAYjH2A1KlBmwra6LgcUrHlAP3EEorrZyMpbhBJjNNhXxhBu6dmcxqnaAbwsIXMQRLi6KjJZIg==

spark-md5@^3.0.0:
  version "3.0.2"
  resolved "https://registry.yarnpkg.com/spark-md5/-/spark-md5-3.0.2.tgz#7952c4a30784347abcee73268e473b9c0167e3fc"
  integrity sha512-wcFzz9cDfbuqe0FZzfi2or1sgyIrsDwmPwfZC4hiNidPdPINjeUwNfv5kldczoEAcjl9Y1L3SM7Uz2PUEQzxQw==

stimulus-dropdown@^2.0.0:
  version "2.0.0"
  resolved "https://registry.yarnpkg.com/stimulus-dropdown/-/stimulus-dropdown-2.0.0.tgz#3d401e418be21787f182c0de4bf0d2fd91cfbf8e"
  integrity sha512-3VUZ4TI9qHvzw+sOEX1oQA8Pw8C/K5yI+oltr5B9DTwFzuJrFZRWR33OK3ERllzZep+quvHZZljIpIRifKCmCg==
  dependencies:
    stimulus-use "^0.50.0-2"

stimulus-use@^0.50.0-2:
  version "0.50.0"
  resolved "https://registry.yarnpkg.com/stimulus-use/-/stimulus-use-0.50.0.tgz#0bae92fbb1fd961cbb23569f9edd12ae642ce4a6"
  integrity sha512-9NScZQiOycQdzh8VZ15pxk6ep/a22fgha2halOvZFpJITC4nsTbWlO7D1hm+9LspFxa5b28tQhm3XkbH/qAlGw==
  dependencies:
    hotkeys-js ">=3"

typo-js@*:
  version "1.2.1"
  resolved "https://registry.yarnpkg.com/typo-js/-/typo-js-1.2.1.tgz#334a0d8c3f6c56f2f1e15fdf6c31677793cbbe9b"
  integrity sha512-bTGLjbD3WqZDR3CgEFkyi9Q/SS2oM29ipXrWfDb4M74ea69QwKAECVceYpaBu0GfdnASMg9Qfl67ttB23nePHg==

wavesurfer@^1.3.4:
  version "1.3.4"
  resolved "https://registry.yarnpkg.com/wavesurfer/-/wavesurfer-1.3.4.tgz#17908abd20da11a8db460c5a176679621d519bfa"
  integrity sha512-Td6t6x8vtBWHQu8ijX+OW5O1z3uDOmHrvOl2P7l1638Cy+8MWLM6kYYp7UDNQc3OZgukm8T6Z5+Dnvie9Rjw0w==
